// !$*UTF8*$!
{
	archiveVersion = 1;
	classes = {
	};
	objectVersion = 56;
	objects = {

/* Begin PBXBuildFile section */
		DC32D9B8299256EC001F6E84 /* Timer.swift in Sources */ = {isa = PBXBuildFile; fileRef = DC32D9B7299256EC001F6E84 /* Timer.swift */; };
		DCB18B7C298FE47A006FCC61 /* AppDelegate.swift in Sources */ = {isa = PBXBuildFile; fileRef = DCB18B7B298FE47A006FCC61 /* AppDelegate.swift */; };
		DCB18B7E298FE47A006FCC61 /* SceneDelegate.swift in Sources */ = {isa = PBXBuildFile; fileRef = DCB18B7D298FE47A006FCC61 /* SceneDelegate.swift */; };
		DCB18B80298FE47A006FCC61 /* ViewController.swift in Sources */ = {isa = PBXBuildFile; fileRef = DCB18B7F298FE47A006FCC61 /* ViewController.swift */; };
		DCB18B83298FE47A006FCC61 /* Test.storyboard in Resources */ = {isa = PBXBuildFile; fileRef = DCB18B81298FE47A006FCC61 /* Test.storyboard */; };
		DCB18B85298FE47C006FCC61 /* Assets.xcassets in Resources */ = {isa = PBXBuildFile; fileRef = DCB18B84298FE47C006FCC61 /* Assets.xcassets */; };
		DCB18B88298FE47C006FCC61 /* LaunchScreen.storyboard in Resources */ = {isa = PBXBuildFile; fileRef = DCB18B86298FE47C006FCC61 /* LaunchScreen.storyboard */; };
		DCB18B95298FE7EB006FCC61 /* BackroundMusicPlayerIsThinking.mp3 in Resources */ = {isa = PBXBuildFile; fileRef = DCB18B94298FE7EB006FCC61 /* BackroundMusicPlayerIsThinking.mp3 */; };
		DCB18B97298FE8CD006FCC61 /* AnsweredRight.mp3 in Resources */ = {isa = PBXBuildFile; fileRef = DCB18B96298FE8CD006FCC61 /* AnsweredRight.mp3 */; };
		DCB18B99298FE992006FCC61 /* AnsweredWrong.mp3 in Resources */ = {isa = PBXBuildFile; fileRef = DCB18B98298FE992006FCC61 /* AnsweredWrong.mp3 */; };
		DCB18B9B298FE9EA006FCC61 /* AnswerIsSubmitted.mp3 in Resources */ = {isa = PBXBuildFile; fileRef = DCB18B9A298FE9EA006FCC61 /* AnswerIsSubmitted.mp3 */; };
		DCB18B9D298FEAF9006FCC61 /* WonMillion.mp3 in Resources */ = {isa = PBXBuildFile; fileRef = DCB18B9C298FEAF9006FCC61 /* WonMillion.mp3 */; };
		DCB18B9F298FEBA6006FCC61 /* Logic_vc1.swift in Sources */ = {isa = PBXBuildFile; fileRef = DCB18B9E298FEBA6006FCC61 /* Logic_vc1.swift */; };
		DCD93E432991518600A0AE04 /* TestVC.swift in Sources */ = {isa = PBXBuildFile; fileRef = DCD93E422991518600A0AE04 /* TestVC.swift */; };
		DCEF53C329913399001062A9 /* Sound.swift in Sources */ = {isa = PBXBuildFile; fileRef = DCEF53C229913399001062A9 /* Sound.swift */; };
/* End PBXBuildFile section */

/* Begin PBXFileReference section */
		DC32D9B7299256EC001F6E84 /* Timer.swift */ = {isa = PBXFileReference; lastKnownFileType = sourcecode.swift; path = Timer.swift; sourceTree = "<group>"; };
		DCB18B78298FE47A006FCC61 /* Millionaire.app */ = {isa = PBXFileReference; explicitFileType = wrapper.application; includeInIndex = 0; path = Millionaire.app; sourceTree = BUILT_PRODUCTS_DIR; };
		DCB18B7B298FE47A006FCC61 /* AppDelegate.swift */ = {isa = PBXFileReference; lastKnownFileType = sourcecode.swift; path = AppDelegate.swift; sourceTree = "<group>"; };
		DCB18B7D298FE47A006FCC61 /* SceneDelegate.swift */ = {isa = PBXFileReference; lastKnownFileType = sourcecode.swift; path = SceneDelegate.swift; sourceTree = "<group>"; };
		DCB18B7F298FE47A006FCC61 /* ViewController.swift */ = {isa = PBXFileReference; lastKnownFileType = sourcecode.swift; path = ViewController.swift; sourceTree = "<group>"; };
		DCB18B82298FE47A006FCC61 /* Base */ = {isa = PBXFileReference; lastKnownFileType = file.storyboard; name = Base; path = Base.lproj/Test.storyboard; sourceTree = "<group>"; };
		DCB18B84298FE47C006FCC61 /* Assets.xcassets */ = {isa = PBXFileReference; lastKnownFileType = folder.assetcatalog; path = Assets.xcassets; sourceTree = "<group>"; };
		DCB18B87298FE47C006FCC61 /* Base */ = {isa = PBXFileReference; lastKnownFileType = file.storyboard; name = Base; path = Base.lproj/LaunchScreen.storyboard; sourceTree = "<group>"; };
		DCB18B89298FE47C006FCC61 /* Info.plist */ = {isa = PBXFileReference; lastKnownFileType = text.plist.xml; path = Info.plist; sourceTree = "<group>"; };
		DCB18B94298FE7EB006FCC61 /* BackroundMusicPlayerIsThinking.mp3 */ = {isa = PBXFileReference; lastKnownFileType = audio.mp3; path = BackroundMusicPlayerIsThinking.mp3; sourceTree = "<group>"; };
		DCB18B96298FE8CD006FCC61 /* AnsweredRight.mp3 */ = {isa = PBXFileReference; lastKnownFileType = audio.mp3; path = AnsweredRight.mp3; sourceTree = "<group>"; };
		DCB18B98298FE992006FCC61 /* AnsweredWrong.mp3 */ = {isa = PBXFileReference; lastKnownFileType = audio.mp3; path = AnsweredWrong.mp3; sourceTree = "<group>"; };
		DCB18B9A298FE9EA006FCC61 /* AnswerIsSubmitted.mp3 */ = {isa = PBXFileReference; lastKnownFileType = audio.mp3; path = AnswerIsSubmitted.mp3; sourceTree = "<group>"; };
		DCB18B9C298FEAF9006FCC61 /* WonMillion.mp3 */ = {isa = PBXFileReference; lastKnownFileType = audio.mp3; path = WonMillion.mp3; sourceTree = "<group>"; };
		DCB18B9E298FEBA6006FCC61 /* Logic_vc1.swift */ = {isa = PBXFileReference; lastKnownFileType = sourcecode.swift; path = Logic_vc1.swift; sourceTree = "<group>"; };
		DCD93E422991518600A0AE04 /* TestVC.swift */ = {isa = PBXFileReference; lastKnownFileType = sourcecode.swift; path = TestVC.swift; sourceTree = "<group>"; };
		DCEF53C229913399001062A9 /* Sound.swift */ = {isa = PBXFileReference; lastKnownFileType = sourcecode.swift; path = Sound.swift; sourceTree = "<group>"; };
/* End PBXFileReference section */

/* Begin PBXFrameworksBuildPhase section */
		DCB18B75298FE47A006FCC61 /* Frameworks */ = {
			isa = PBXFrameworksBuildPhase;
			buildActionMask = 2147483647;
			files = (
			);
			runOnlyForDeploymentPostprocessing = 0;
		};
/* End PBXFrameworksBuildPhase section */

/* Begin PBXGroup section */
		DCB18B6F298FE47A006FCC61 = {
			isa = PBXGroup;
			children = (
				DCD93E412991514200A0AE04 /* Test SB */,
				DCB18B92298FE4E3006FCC61 /* Delegates */,
				DCB18B8F298FE489006FCC61 /* Models */,
				DCB18B90298FE4A5006FCC61 /* Views */,
				DCB18B91298FE4AF006FCC61 /* Controllers */,
				DCB18B7A298FE47A006FCC61 /* Millionaire */,
				DCB18B79298FE47A006FCC61 /* Products */,
			);
			sourceTree = "<group>";
		};
		DCB18B79298FE47A006FCC61 /* Products */ = {
			isa = PBXGroup;
			children = (
				DCB18B78298FE47A006FCC61 /* Millionaire.app */,
			);
			name = Products;
			sourceTree = "<group>";
		};
		DCB18B7A298FE47A006FCC61 /* Millionaire */ = {
			isa = PBXGroup;
			children = (
				DCB18B84298FE47C006FCC61 /* Assets.xcassets */,
				DCB18B9A298FE9EA006FCC61 /* AnswerIsSubmitted.mp3 */,
				DCB18B98298FE992006FCC61 /* AnsweredWrong.mp3 */,
				DCB18B96298FE8CD006FCC61 /* AnsweredRight.mp3 */,
				DCB18B94298FE7EB006FCC61 /* BackroundMusicPlayerIsThinking.mp3 */,
				DCB18B9C298FEAF9006FCC61 /* WonMillion.mp3 */,
				DCB18B89298FE47C006FCC61 /* Info.plist */,
			);
			path = Millionaire;
			sourceTree = "<group>";
		};
		DCB18B8F298FE489006FCC61 /* Models */ = {
			isa = PBXGroup;
			children = (
				DCB18B9E298FEBA6006FCC61 /* Logic_vc1.swift */,
				DCEF53C229913399001062A9 /* Sound.swift */,
				DC32D9B7299256EC001F6E84 /* Timer.swift */,
			);
			path = Models;
			sourceTree = "<group>";
		};
		DCB18B90298FE4A5006FCC61 /* Views */ = {
			isa = PBXGroup;
			children = (
				DCB18B86298FE47C006FCC61 /* LaunchScreen.storyboard */,
			);
			path = Views;
			sourceTree = "<group>";
		};
		DCB18B91298FE4AF006FCC61 /* Controllers */ = {
			isa = PBXGroup;
			children = (
				DCB18B7F298FE47A006FCC61 /* ViewController.swift */,
			);
			path = Controllers;
			sourceTree = "<group>";
		};
		DCB18B92298FE4E3006FCC61 /* Delegates */ = {
			isa = PBXGroup;
			children = (
				DCB18B7B298FE47A006FCC61 /* AppDelegate.swift */,
				DCB18B7D298FE47A006FCC61 /* SceneDelegate.swift */,
			);
			path = Delegates;
			sourceTree = "<group>";
		};
		DCD93E412991514200A0AE04 /* Test SB */ = {
			isa = PBXGroup;
			children = (
				DCB18B81298FE47A006FCC61 /* Test.storyboard */,
				DCD93E422991518600A0AE04 /* TestVC.swift */,
			);
			path = "Test SB";
			sourceTree = "<group>";
		};
/* End PBXGroup section */

/* Begin PBXNativeTarget section */
		DCB18B77298FE47A006FCC61 /* Millionaire */ = {
			isa = PBXNativeTarget;
			buildConfigurationList = DCB18B8C298FE47C006FCC61 /* Build configuration list for PBXNativeTarget "Millionaire" */;
			buildPhases = (
				DCB18B74298FE47A006FCC61 /* Sources */,
				DCB18B75298FE47A006FCC61 /* Frameworks */,
				DCB18B76298FE47A006FCC61 /* Resources */,
			);
			buildRules = (
			);
			dependencies = (
			);
			name = Millionaire;
			productName = Millionaire;
			productReference = DCB18B78298FE47A006FCC61 /* Millionaire.app */;
			productType = "com.apple.product-type.application";
		};
/* End PBXNativeTarget section */

/* Begin PBXProject section */
		DCB18B70298FE47A006FCC61 /* Project object */ = {
			isa = PBXProject;
			attributes = {
				BuildIndependentTargetsInParallel = 1;
				LastSwiftUpdateCheck = 1420;
				LastUpgradeCheck = 1420;
				TargetAttributes = {
					DCB18B77298FE47A006FCC61 = {
						CreatedOnToolsVersion = 14.2;
					};
				};
			};
			buildConfigurationList = DCB18B73298FE47A006FCC61 /* Build configuration list for PBXProject "Millionaire" */;
			compatibilityVersion = "Xcode 14.0";
			developmentRegion = en;
			hasScannedForEncodings = 0;
			knownRegions = (
				en,
				Base,
			);
			mainGroup = DCB18B6F298FE47A006FCC61;
			productRefGroup = DCB18B79298FE47A006FCC61 /* Products */;
			projectDirPath = "";
			projectRoot = "";
			targets = (
				DCB18B77298FE47A006FCC61 /* Millionaire */,
			);
		};
/* End PBXProject section */

/* Begin PBXResourcesBuildPhase section */
		DCB18B76298FE47A006FCC61 /* Resources */ = {
			isa = PBXResourcesBuildPhase;
			buildActionMask = 2147483647;
			files = (
				DCB18B88298FE47C006FCC61 /* LaunchScreen.storyboard in Resources */,
				DCB18B99298FE992006FCC61 /* AnsweredWrong.mp3 in Resources */,
				DCB18B9B298FE9EA006FCC61 /* AnswerIsSubmitted.mp3 in Resources */,
				DCB18B97298FE8CD006FCC61 /* AnsweredRight.mp3 in Resources */,
				DCB18B9D298FEAF9006FCC61 /* WonMillion.mp3 in Resources */,
				DCB18B85298FE47C006FCC61 /* Assets.xcassets in Resources */,
				DCB18B83298FE47A006FCC61 /* Test.storyboard in Resources */,
				DCB18B95298FE7EB006FCC61 /* BackroundMusicPlayerIsThinking.mp3 in Resources */,
			);
			runOnlyForDeploymentPostprocessing = 0;
		};
/* End PBXResourcesBuildPhase section */

/* Begin PBXSourcesBuildPhase section */
		DCB18B74298FE47A006FCC61 /* Sources */ = {
			isa = PBXSourcesBuildPhase;
			buildActionMask = 2147483647;
			files = (
				DCEF53C329913399001062A9 /* Sound.swift in Sources */,
				DCB18B80298FE47A006FCC61 /* ViewController.swift in Sources */,
				DC32D9B8299256EC001F6E84 /* Timer.swift in Sources */,
				DCB18B9F298FEBA6006FCC61 /* Logic_vc1.swift in Sources */,
				DCB18B7C298FE47A006FCC61 /* AppDelegate.swift in Sources */,
				DCD93E432991518600A0AE04 /* TestVC.swift in Sources */,
				DCB18B7E298FE47A006FCC61 /* SceneDelegate.swift in Sources */,
			);
			runOnlyForDeploymentPostprocessing = 0;
		};
/* End PBXSourcesBuildPhase section */

/* Begin PBXVariantGroup section */
		DCB18B81298FE47A006FCC61 /* Test.storyboard */ = {
			isa = PBXVariantGroup;
			children = (
				DCB18B82298FE47A006FCC61 /* Base */,
			);
			name = Test.storyboard;
			sourceTree = "<group>";
		};
		DCB18B86298FE47C006FCC61 /* LaunchScreen.storyboard */ = {
			isa = PBXVariantGroup;
			children = (
				DCB18B87298FE47C006FCC61 /* Base */,
			);
			name = LaunchScreen.storyboard;
			sourceTree = "<group>";
		};
/* End PBXVariantGroup section */

/* Begin XCBuildConfiguration section */
		DCB18B8A298FE47C006FCC61 /* Debug */ = {
			isa = XCBuildConfiguration;
			buildSettings = {
				ALWAYS_SEARCH_USER_PATHS = NO;
				CLANG_ANALYZER_NONNULL = YES;
				CLANG_ANALYZER_NUMBER_OBJECT_CONVERSION = YES_AGGRESSIVE;
				CLANG_CXX_LANGUAGE_STANDARD = "gnu++20";
				CLANG_ENABLE_MODULES = YES;
				CLANG_ENABLE_OBJC_ARC = YES;
				CLANG_ENABLE_OBJC_WEAK = YES;
				CLANG_WARN_BLOCK_CAPTURE_AUTORELEASING = YES;
				CLANG_WARN_BOOL_CONVERSION = YES;
				CLANG_WARN_COMMA = YES;
				CLANG_WARN_CONSTANT_CONVERSION = YES;
				CLANG_WARN_DEPRECATED_OBJC_IMPLEMENTATIONS = YES;
				CLANG_WARN_DIRECT_OBJC_ISA_USAGE = YES_ERROR;
				CLANG_WARN_DOCUMENTATION_COMMENTS = YES;
				CLANG_WARN_EMPTY_BODY = YES;
				CLANG_WARN_ENUM_CONVERSION = YES;
				CLANG_WARN_INFINITE_RECURSION = YES;
				CLANG_WARN_INT_CONVERSION = YES;
				CLANG_WARN_NON_LITERAL_NULL_CONVERSION = YES;
				CLANG_WARN_OBJC_IMPLICIT_RETAIN_SELF = YES;
				CLANG_WARN_OBJC_LITERAL_CONVERSION = YES;
				CLANG_WARN_OBJC_ROOT_CLASS = YES_ERROR;
				CLANG_WARN_QUOTED_INCLUDE_IN_FRAMEWORK_HEADER = YES;
				CLANG_WARN_RANGE_LOOP_ANALYSIS = YES;
				CLANG_WARN_STRICT_PROTOTYPES = YES;
				CLANG_WARN_SUSPICIOUS_MOVE = YES;
				CLANG_WARN_UNGUARDED_AVAILABILITY = YES_AGGRESSIVE;
				CLANG_WARN_UNREACHABLE_CODE = YES;
				CLANG_WARN__DUPLICATE_METHOD_MATCH = YES;
				COPY_PHASE_STRIP = NO;
				DEBUG_INFORMATION_FORMAT = dwarf;
				ENABLE_STRICT_OBJC_MSGSEND = YES;
				ENABLE_TESTABILITY = YES;
				GCC_C_LANGUAGE_STANDARD = gnu11;
				GCC_DYNAMIC_NO_PIC = NO;
				GCC_NO_COMMON_BLOCKS = YES;
				GCC_OPTIMIZATION_LEVEL = 0;
				GCC_PREPROCESSOR_DEFINITIONS = (
					"DEBUG=1",
					"$(inherited)",
				);
				GCC_WARN_64_TO_32_BIT_CONVERSION = YES;
				GCC_WARN_ABOUT_RETURN_TYPE = YES_ERROR;
				GCC_WARN_UNDECLARED_SELECTOR = YES;
				GCC_WARN_UNINITIALIZED_AUTOS = YES_AGGRESSIVE;
				GCC_WARN_UNUSED_FUNCTION = YES;
				GCC_WARN_UNUSED_VARIABLE = YES;
				IPHONEOS_DEPLOYMENT_TARGET = 16.2;
				MTL_ENABLE_DEBUG_INFO = INCLUDE_SOURCE;
				MTL_FAST_MATH = YES;
				ONLY_ACTIVE_ARCH = YES;
				SDKROOT = iphoneos;
				SWIFT_ACTIVE_COMPILATION_CONDITIONS = DEBUG;
				SWIFT_OPTIMIZATION_LEVEL = "-Onone";
			};
			name = Debug;
		};
		DCB18B8B298FE47C006FCC61 /* Release */ = {
			isa = XCBuildConfiguration;
			buildSettings = {
				ALWAYS_SEARCH_USER_PATHS = NO;
				CLANG_ANALYZER_NONNULL = YES;
				CLANG_ANALYZER_NUMBER_OBJECT_CONVERSION = YES_AGGRESSIVE;
				CLANG_CXX_LANGUAGE_STANDARD = "gnu++20";
				CLANG_ENABLE_MODULES = YES;
				CLANG_ENABLE_OBJC_ARC = YES;
				CLANG_ENABLE_OBJC_WEAK = YES;
				CLANG_WARN_BLOCK_CAPTURE_AUTORELEASING = YES;
				CLANG_WARN_BOOL_CONVERSION = YES;
				CLANG_WARN_COMMA = YES;
				CLANG_WARN_CONSTANT_CONVERSION = YES;
				CLANG_WARN_DEPRECATED_OBJC_IMPLEMENTATIONS = YES;
				CLANG_WARN_DIRECT_OBJC_ISA_USAGE = YES_ERROR;
				CLANG_WARN_DOCUMENTATION_COMMENTS = YES;
				CLANG_WARN_EMPTY_BODY = YES;
				CLANG_WARN_ENUM_CONVERSION = YES;
				CLANG_WARN_INFINITE_RECURSION = YES;
				CLANG_WARN_INT_CONVERSION = YES;
				CLANG_WARN_NON_LITERAL_NULL_CONVERSION = YES;
				CLANG_WARN_OBJC_IMPLICIT_RETAIN_SELF = YES;
				CLANG_WARN_OBJC_LITERAL_CONVERSION = YES;
				CLANG_WARN_OBJC_ROOT_CLASS = YES_ERROR;
				CLANG_WARN_QUOTED_INCLUDE_IN_FRAMEWORK_HEADER = YES;
				CLANG_WARN_RANGE_LOOP_ANALYSIS = YES;
				CLANG_WARN_STRICT_PROTOTYPES = YES;
				CLANG_WARN_SUSPICIOUS_MOVE = YES;
				CLANG_WARN_UNGUARDED_AVAILABILITY = YES_AGGRESSIVE;
				CLANG_WARN_UNREACHABLE_CODE = YES;
				CLANG_WARN__DUPLICATE_METHOD_MATCH = YES;
				COPY_PHASE_STRIP = NO;
				DEBUG_INFORMATION_FORMAT = "dwarf-with-dsym";
				ENABLE_NS_ASSERTIONS = NO;
				ENABLE_STRICT_OBJC_MSGSEND = YES;
				GCC_C_LANGUAGE_STANDARD = gnu11;
				GCC_NO_COMMON_BLOCKS = YES;
				GCC_WARN_64_TO_32_BIT_CONVERSION = YES;
				GCC_WARN_ABOUT_RETURN_TYPE = YES_ERROR;
				GCC_WARN_UNDECLARED_SELECTOR = YES;
				GCC_WARN_UNINITIALIZED_AUTOS = YES_AGGRESSIVE;
				GCC_WARN_UNUSED_FUNCTION = YES;
				GCC_WARN_UNUSED_VARIABLE = YES;
				IPHONEOS_DEPLOYMENT_TARGET = 16.2;
				MTL_ENABLE_DEBUG_INFO = NO;
				MTL_FAST_MATH = YES;
				SDKROOT = iphoneos;
				SWIFT_COMPILATION_MODE = wholemodule;
				SWIFT_OPTIMIZATION_LEVEL = "-O";
				VALIDATE_PRODUCT = YES;
			};
			name = Release;
		};
		DCB18B8D298FE47C006FCC61 /* Debug */ = {
			isa = XCBuildConfiguration;
			buildSettings = {
				ASSETCATALOG_COMPILER_APPICON_NAME = AppIcon;
				ASSETCATALOG_COMPILER_GLOBAL_ACCENT_COLOR_NAME = AccentColor;
				CODE_SIGN_STYLE = Automatic;
				CURRENT_PROJECT_VERSION = 1;
				DEVELOPMENT_TEAM = 595Y9P3VNH;
				GENERATE_INFOPLIST_FILE = YES;
				INFOPLIST_FILE = Millionaire/Info.plist;
				INFOPLIST_KEY_UIApplicationSupportsIndirectInputEvents = YES;
				INFOPLIST_KEY_UILaunchStoryboardName = LaunchScreen;
				INFOPLIST_KEY_UIMainStoryboardFile = Test;
				INFOPLIST_KEY_UISupportedInterfaceOrientations_iPad = "UIInterfaceOrientationPortrait UIInterfaceOrientationPortraitUpsideDown UIInterfaceOrientationLandscapeLeft UIInterfaceOrientationLandscapeRight";
				INFOPLIST_KEY_UISupportedInterfaceOrientations_iPhone = "UIInterfaceOrientationPortrait UIInterfaceOrientationLandscapeLeft UIInterfaceOrientationLandscapeRight";
				IPHONEOS_DEPLOYMENT_TARGET = 13.0;
				LD_RUNPATH_SEARCH_PATHS = (
					"$(inherited)",
					"@executable_path/Frameworks",
				);
				MARKETING_VERSION = 1.0;
				PRODUCT_BUNDLE_IDENTIFIER = ds.Millionaire;
				PRODUCT_NAME = "$(TARGET_NAME)";
				SWIFT_EMIT_LOC_STRINGS = YES;
				SWIFT_VERSION = 5.0;
				TARGETED_DEVICE_FAMILY = "1,2";
			};
			name = Debug;
		};
		DCB18B8E298FE47C006FCC61 /* Release */ = {
			isa = XCBuildConfiguration;
			buildSettings = {
				ASSETCATALOG_COMPILER_APPICON_NAME = AppIcon;
				ASSETCATALOG_COMPILER_GLOBAL_ACCENT_COLOR_NAME = AccentColor;
				CODE_SIGN_STYLE = Automatic;
				CURRENT_PROJECT_VERSION = 1;
				DEVELOPMENT_TEAM = 595Y9P3VNH;
				GENERATE_INFOPLIST_FILE = YES;
				INFOPLIST_FILE = Millionaire/Info.plist;
				INFOPLIST_KEY_UIApplicationSupportsIndirectInputEvents = YES;
				INFOPLIST_KEY_UILaunchStoryboardName = LaunchScreen;
				INFOPLIST_KEY_UIMainStoryboardFile = Test;
				INFOPLIST_KEY_UISupportedInterfaceOrientations_iPad = "UIInterfaceOrientationPortrait UIInterfaceOrientationPortraitUpsideDown UIInterfaceOrientationLandscapeLeft UIInterfaceOrientationLandscapeRight";
				INFOPLIST_KEY_UISupportedInterfaceOrientations_iPhone = "UIInterfaceOrientationPortrait UIInterfaceOrientationLandscapeLeft UIInterfaceOrientationLandscapeRight";
				IPHONEOS_DEPLOYMENT_TARGET = 13.0;
				LD_RUNPATH_SEARCH_PATHS = (
					"$(inherited)",
					"@executable_path/Frameworks",
				);
				MARKETING_VERSION = 1.0;
				PRODUCT_BUNDLE_IDENTIFIER = ds.Millionaire;
				PRODUCT_NAME = "$(TARGET_NAME)";
				SWIFT_EMIT_LOC_STRINGS = YES;
				SWIFT_VERSION = 5.0;
				TARGETED_DEVICE_FAMILY = "1,2";
			};
			name = Release;
		};
/* End XCBuildConfiguration section */

/* Begin XCConfigurationList section */
		DCB18B73298FE47A006FCC61 /* Build configuration list for PBXProject "Millionaire" */ = {
			isa = XCConfigurationList;
			buildConfigurations = (
				DCB18B8A298FE47C006FCC61 /* Debug */,
				DCB18B8B298FE47C006FCC61 /* Release */,
			);
			defaultConfigurationIsVisible = 0;
			defaultConfigurationName = Release;
		};
		DCB18B8C298FE47C006FCC61 /* Build configuration list for PBXNativeTarget "Millionaire" */ = {
			isa = XCConfigurationList;
			buildConfigurations = (
				DCB18B8D298FE47C006FCC61 /* Debug */,
				DCB18B8E298FE47C006FCC61 /* Release */,
			);
			defaultConfigurationIsVisible = 0;
			defaultConfigurationName = Release;
		};
/* End XCConfigurationList section */
	};
	rootObject = DCB18B70298FE47A006FCC61 /* Project object */;
}
